
Microsoft Visual Studio Solution File, Format Version 12.00
# Visual Studio Version 16
VisualStudioVersion = 16.0.33927.289
MinimumVisualStudioVersion = 10.0.40219.1
Project("{FAE04EC0-301F-11D3-BF4B-00C04F79EFBC}") = "TestSamp2025", "TestSamp2025\TestSamp2025.csproj", "{27E4FF34-ED07-4C17-87C4-4680A9144547}"
EndProject
Global
	GlobalSection(SolutionConfigurationPlatforms) = preSolution
		Debug|Any CPU = Debug|Any CPU
		Release|Any CPU = Release|Any CPU
	EndGlobalSection
	GlobalSection(ProjectConfigurationPlatforms) = postSolution
		{27E4FF34-ED07-4C17-87C4-4680A9144547}.Debug|Any CPU.ActiveCfg = Debug|Any CPU
		{27E4FF34-ED07-4C17-87C4-4680A9144547}.Debug|Any CPU.Build.0 = Debug|Any CPU
		{27E4FF34-ED07-4C17-87C4-4680A9144547}.Release|Any CPU.ActiveCfg = Release|Any CPU
		{27E4FF34-ED07-4C17-87C4-4680A9144547}.Release|Any CPU.Build.0 = Release|Any CPU
	EndGlobalSection
	GlobalSection(SolutionProperties) = preSolution
		HideSolutionNode = FALSE
	EndGlobalSection
	GlobalSection(ExtensibilityGlobals) = postSolution
		SolutionGuid = {7779DC25-7282-4171-BD0E-3A01EDC9F00D}
	EndGlobalSection
EndGlobal
