
Microsoft Visual Studio Solution File, Format Version 12.00
# Visual Studio Version 16
VisualStudioVersion = 16.0.33927.289
MinimumVisualStudioVersion = 10.0.40219.1
Project("{FAE04EC0-301F-11D3-BF4B-00C04F79EFBC}") = "ConsoleApp_SocketTcpClient", "ConsoleApp_SocketTcpClient\ConsoleApp_SocketTcpClient.csproj", "{491F4692-665A-40A7-BCF0-108CDA5B8DE9}"
EndProject
Global
	GlobalSection(SolutionConfigurationPlatforms) = preSolution
		Debug|Any CPU = Debug|Any CPU
		Release|Any CPU = Release|Any CPU
	EndGlobalSection
	GlobalSection(ProjectConfigurationPlatforms) = postSolution
		{491F4692-665A-40A7-BCF0-108CDA5B8DE9}.Debug|Any CPU.ActiveCfg = Debug|Any CPU
		{491F4692-665A-40A7-BCF0-108CDA5B8DE9}.Debug|Any CPU.Build.0 = Debug|Any CPU
		{491F4692-665A-40A7-BCF0-108CDA5B8DE9}.Release|Any CPU.ActiveCfg = Release|Any CPU
		{491F4692-665A-40A7-BCF0-108CDA5B8DE9}.Release|Any CPU.Build.0 = Release|Any CPU
	EndGlobalSection
	GlobalSection(SolutionProperties) = preSolution
		HideSolutionNode = FALSE
	EndGlobalSection
	GlobalSection(ExtensibilityGlobals) = postSolution
		SolutionGuid = {887CC79F-A76A-4DC2-80AC-491D9B8419FB}
	EndGlobalSection
EndGlobal
