
Microsoft Visual Studio Solution File, Format Version 12.00
# Visual Studio 15
VisualStudioVersion = 15.0.33919.361
MinimumVisualStudioVersion = 10.0.40219.1
Project("{FAE04EC0-301F-11D3-BF4B-00C04F79EFBC}") = "WcfService9", "WcfService9\WcfService9.csproj", "{7578534F-5497-4BFA-A7E2-91120ACB49FD}"
EndProject
Global
	GlobalSection(SolutionConfigurationPlatforms) = preSolution
		Debug|Any CPU = Debug|Any CPU
		Release|Any CPU = Release|Any CPU
	EndGlobalSection
	GlobalSection(ProjectConfigurationPlatforms) = postSolution
		{7578534F-5497-4BFA-A7E2-91120ACB49FD}.Debug|Any CPU.ActiveCfg = Debug|Any CPU
		{7578534F-5497-4BFA-A7E2-91120ACB49FD}.Debug|Any CPU.Build.0 = Debug|Any CPU
		{7578534F-5497-4BFA-A7E2-91120ACB49FD}.Release|Any CPU.ActiveCfg = Release|Any CPU
		{7578534F-5497-4BFA-A7E2-91120ACB49FD}.Release|Any CPU.Build.0 = Release|Any CPU
	EndGlobalSection
	GlobalSection(SolutionProperties) = preSolution
		HideSolutionNode = FALSE
	EndGlobalSection
	GlobalSection(ExtensibilityGlobals) = postSolution
		SolutionGuid = {65914AF7-0F6A-461B-9AF8-6FF7A50A2A15}
	EndGlobalSection
EndGlobal
